
Microsoft Visual Studio Solution File, Format Version 12.00
# Visual Studio Version 17
VisualStudioVersion = 17.5.33424.131
MinimumVisualStudioVersion = 10.0.40219.1
Project("{FAE04EC0-301F-11D3-BF4B-00C04F79EFBC}") = "9th_Lab", "9th_Lab\9th_Lab.csproj", "{44B18110-3CD3-438D-91D6-26F19FC13E88}"
EndProject
Global
	GlobalSection(SolutionConfigurationPlatforms) = preSolution
		Debug|Any CPU = Debug|Any CPU
		Release|Any CPU = Release|Any CPU
	EndGlobalSection
	GlobalSection(ProjectConfigurationPlatforms) = postSolution
		{44B18110-3CD3-438D-91D6-26F19FC13E88}.Debug|Any CPU.ActiveCfg = Debug|Any CPU
		{44B18110-3CD3-438D-91D6-26F19FC13E88}.Debug|Any CPU.Build.0 = Debug|Any CPU
		{44B18110-3CD3-438D-91D6-26F19FC13E88}.Release|Any CPU.ActiveCfg = Release|Any CPU
		{44B18110-3CD3-438D-91D6-26F19FC13E88}.Release|Any CPU.Build.0 = Release|Any CPU
	EndGlobalSection
	GlobalSection(SolutionProperties) = preSolution
		HideSolutionNode = FALSE
	EndGlobalSection
	GlobalSection(ExtensibilityGlobals) = postSolution
		SolutionGuid = {663DC1AF-3ED4-468F-AC26-B92A1E7E3906}
	EndGlobalSection
EndGlobal
